
Microsoft Visual Studio Solution File, Format Version 12.00
# Visual Studio Version 17
VisualStudioVersion = 17.0.31912.275
MinimumVisualStudioVersion = 10.0.40219.1
Project("{FAE04EC0-301F-11D3-BF4B-00C04F79EFBC}") = "Card", "Card\Card.csproj", "{1E6DFCC7-15BB-4BA9-B949-D3BED3B09F57}"
EndProject
Global
	GlobalSection(SolutionConfigurationPlatforms) = preSolution
		Debug|Any CPU = Debug|Any CPU
		Release|Any CPU = Release|Any CPU
	EndGlobalSection
	GlobalSection(ProjectConfigurationPlatforms) = postSolution
		{1E6DFCC7-15BB-4BA9-B949-D3BED3B09F57}.Debug|Any CPU.ActiveCfg = Debug|Any CPU
		{1E6DFCC7-15BB-4BA9-B949-D3BED3B09F57}.Debug|Any CPU.Build.0 = Debug|Any CPU
		{1E6DFCC7-15BB-4BA9-B949-D3BED3B09F57}.Release|Any CPU.ActiveCfg = Release|Any CPU
		{1E6DFCC7-15BB-4BA9-B949-D3BED3B09F57}.Release|Any CPU.Build.0 = Release|Any CPU
	EndGlobalSection
	GlobalSection(SolutionProperties) = preSolution
		HideSolutionNode = FALSE
	EndGlobalSection
	GlobalSection(ExtensibilityGlobals) = postSolution
		SolutionGuid = {58137A3C-766F-452C-8665-197CEE385951}
	EndGlobalSection
EndGlobal
